
Microsoft Visual Studio Solution File, Format Version 12.00
# Visual Studio Version 16
VisualStudioVersion = 16.0.29709.97
MinimumVisualStudioVersion = 10.0.40219.1
Project("{FAE04EC0-301F-11D3-BF4B-00C04F79EFBC}") = "Prueba_Consulta", "Prueba_Consulta\Prueba_Consulta.csproj", "{9AA27984-2098-4626-88A1-E05A36FFC741}"
EndProject
Project("{FAE04EC0-301F-11D3-BF4B-00C04F79EFBC}") = "heat-map", "heat-map\heat-map.csproj", "{E82075B1-D799-4D3D-996D-5F975839BC9E}"
EndProject
Project("{FAE04EC0-301F-11D3-BF4B-00C04F79EFBC}") = "UnitaryTests", "UnitaryTests\UnitaryTests.csproj", "{8556B3A2-3E38-4D1E-BC86-04335B32EC94}"
EndProject
Global
	GlobalSection(SolutionConfigurationPlatforms) = preSolution
		Debug|Any CPU = Debug|Any CPU
		Release|Any CPU = Release|Any CPU
	EndGlobalSection
	GlobalSection(ProjectConfigurationPlatforms) = postSolution
		{9AA27984-2098-4626-88A1-E05A36FFC741}.Debug|Any CPU.ActiveCfg = Debug|Any CPU
		{9AA27984-2098-4626-88A1-E05A36FFC741}.Debug|Any CPU.Build.0 = Debug|Any CPU
		{9AA27984-2098-4626-88A1-E05A36FFC741}.Release|Any CPU.ActiveCfg = Release|Any CPU
		{9AA27984-2098-4626-88A1-E05A36FFC741}.Release|Any CPU.Build.0 = Release|Any CPU
		{E82075B1-D799-4D3D-996D-5F975839BC9E}.Debug|Any CPU.ActiveCfg = Debug|Any CPU
		{E82075B1-D799-4D3D-996D-5F975839BC9E}.Debug|Any CPU.Build.0 = Debug|Any CPU
		{E82075B1-D799-4D3D-996D-5F975839BC9E}.Release|Any CPU.ActiveCfg = Release|Any CPU
		{E82075B1-D799-4D3D-996D-5F975839BC9E}.Release|Any CPU.Build.0 = Release|Any CPU
		{8556B3A2-3E38-4D1E-BC86-04335B32EC94}.Debug|Any CPU.ActiveCfg = Debug|Any CPU
		{8556B3A2-3E38-4D1E-BC86-04335B32EC94}.Debug|Any CPU.Build.0 = Debug|Any CPU
		{8556B3A2-3E38-4D1E-BC86-04335B32EC94}.Release|Any CPU.ActiveCfg = Release|Any CPU
		{8556B3A2-3E38-4D1E-BC86-04335B32EC94}.Release|Any CPU.Build.0 = Release|Any CPU
	EndGlobalSection
	GlobalSection(SolutionProperties) = preSolution
		HideSolutionNode = FALSE
	EndGlobalSection
	GlobalSection(ExtensibilityGlobals) = postSolution
		SolutionGuid = {211CD23D-C5FA-4D9C-A520-27D4C9A0D2EA}
	EndGlobalSection
EndGlobal
