
Microsoft Visual Studio Solution File, Format Version 12.00
# Visual Studio Version 16
VisualStudioVersion = 16.0.30011.22
MinimumVisualStudioVersion = 10.0.40219.1
Project("{FAE04EC0-301F-11D3-BF4B-00C04F79EFBC}") = "model", "model\model.csproj", "{3222EF5A-7504-4520-ADC9-6717865FE6CD}"
EndProject
Project("{FAE04EC0-301F-11D3-BF4B-00C04F79EFBC}") = "timeLine", "timeLine\timeLine.csproj", "{D737966B-C89A-49CF-B94A-321460843F18}"
EndProject
Global
	GlobalSection(SolutionConfigurationPlatforms) = preSolution
		Debug|Any CPU = Debug|Any CPU
		Release|Any CPU = Release|Any CPU
	EndGlobalSection
	GlobalSection(ProjectConfigurationPlatforms) = postSolution
		{3222EF5A-7504-4520-ADC9-6717865FE6CD}.Debug|Any CPU.ActiveCfg = Debug|Any CPU
		{3222EF5A-7504-4520-ADC9-6717865FE6CD}.Debug|Any CPU.Build.0 = Debug|Any CPU
		{3222EF5A-7504-4520-ADC9-6717865FE6CD}.Release|Any CPU.ActiveCfg = Release|Any CPU
		{3222EF5A-7504-4520-ADC9-6717865FE6CD}.Release|Any CPU.Build.0 = Release|Any CPU
		{D737966B-C89A-49CF-B94A-321460843F18}.Debug|Any CPU.ActiveCfg = Debug|Any CPU
		{D737966B-C89A-49CF-B94A-321460843F18}.Debug|Any CPU.Build.0 = Debug|Any CPU
		{D737966B-C89A-49CF-B94A-321460843F18}.Release|Any CPU.ActiveCfg = Release|Any CPU
		{D737966B-C89A-49CF-B94A-321460843F18}.Release|Any CPU.Build.0 = Release|Any CPU
	EndGlobalSection
	GlobalSection(SolutionProperties) = preSolution
		HideSolutionNode = FALSE
	EndGlobalSection
	GlobalSection(ExtensibilityGlobals) = postSolution
		SolutionGuid = {886BAB81-CB67-4A87-9FAB-D20A27AD95CF}
	EndGlobalSection
EndGlobal
